
Microsoft Visual Studio Solution File, Format Version 12.00
# Visual Studio Version 17
VisualStudioVersion = 17.6.33829.357
MinimumVisualStudioVersion = 10.0.40219.1
Project("{FAE04EC0-301F-11D3-BF4B-00C04F79EFBC}") = "ECommerceWebApp", "ECommerceWebApp\ECommerceWebApp.csproj", "{F89E99E4-C019-4322-AD95-5E5A760FF5D7}"
EndProject
Project("{FAE04EC0-301F-11D3-BF4B-00C04F79EFBC}") = "Ecom.Models", "Ecom.Models\Ecom.Models.csproj", "{58E2C216-F3DF-417B-956D-F06F8CE72246}"
EndProject
Project("{FAE04EC0-301F-11D3-BF4B-00C04F79EFBC}") = "Ecom.Repository", "Ecom.Repository\Ecom.Repository.csproj", "{2969954E-EBD0-4F35-A5B6-8761A9D3725D}"
EndProject
Project("{FAE04EC0-301F-11D3-BF4B-00C04F79EFBC}") = "Ecom.Sevices", "Ecom.Sevices\Ecom.Sevices.csproj", "{36D1972A-74D3-4BE6-A7CF-5AAB892E5A04}"
EndProject
Global
	GlobalSection(SolutionConfigurationPlatforms) = preSolution
		Debug|Any CPU = Debug|Any CPU
		Release|Any CPU = Release|Any CPU
	EndGlobalSection
	GlobalSection(ProjectConfigurationPlatforms) = postSolution
		{F89E99E4-C019-4322-AD95-5E5A760FF5D7}.Debug|Any CPU.ActiveCfg = Debug|Any CPU
		{F89E99E4-C019-4322-AD95-5E5A760FF5D7}.Debug|Any CPU.Build.0 = Debug|Any CPU
		{F89E99E4-C019-4322-AD95-5E5A760FF5D7}.Release|Any CPU.ActiveCfg = Release|Any CPU
		{F89E99E4-C019-4322-AD95-5E5A760FF5D7}.Release|Any CPU.Build.0 = Release|Any CPU
		{58E2C216-F3DF-417B-956D-F06F8CE72246}.Debug|Any CPU.ActiveCfg = Debug|Any CPU
		{58E2C216-F3DF-417B-956D-F06F8CE72246}.Debug|Any CPU.Build.0 = Debug|Any CPU
		{58E2C216-F3DF-417B-956D-F06F8CE72246}.Release|Any CPU.ActiveCfg = Release|Any CPU
		{58E2C216-F3DF-417B-956D-F06F8CE72246}.Release|Any CPU.Build.0 = Release|Any CPU
		{2969954E-EBD0-4F35-A5B6-8761A9D3725D}.Debug|Any CPU.ActiveCfg = Debug|Any CPU
		{2969954E-EBD0-4F35-A5B6-8761A9D3725D}.Debug|Any CPU.Build.0 = Debug|Any CPU
		{2969954E-EBD0-4F35-A5B6-8761A9D3725D}.Release|Any CPU.ActiveCfg = Release|Any CPU
		{2969954E-EBD0-4F35-A5B6-8761A9D3725D}.Release|Any CPU.Build.0 = Release|Any CPU
		{36D1972A-74D3-4BE6-A7CF-5AAB892E5A04}.Debug|Any CPU.ActiveCfg = Debug|Any CPU
		{36D1972A-74D3-4BE6-A7CF-5AAB892E5A04}.Debug|Any CPU.Build.0 = Debug|Any CPU
		{36D1972A-74D3-4BE6-A7CF-5AAB892E5A04}.Release|Any CPU.ActiveCfg = Release|Any CPU
		{36D1972A-74D3-4BE6-A7CF-5AAB892E5A04}.Release|Any CPU.Build.0 = Release|Any CPU
	EndGlobalSection
	GlobalSection(SolutionProperties) = preSolution
		HideSolutionNode = FALSE
	EndGlobalSection
	GlobalSection(ExtensibilityGlobals) = postSolution
		SolutionGuid = {0D306F30-3428-4E2C-B41F-8AE3C23007CC}
	EndGlobalSection
EndGlobal
